lockfile_version: '1'
generated_at: '2026-06-24T11:57:07.312963+00:00'
apm_version: 0.21.0
dependencies:
- repo_url: ministryofjustice/data-platform-ai-toolkit
  host: github.com
  resolved_commit: 4961df8d248135d223b969e7c56cee21fb5d4f3a
  resolved_ref: main
  virtual_path: toolkits/software-engineering
  is_virtual: true
  package_type: apm_package
  deployed_files:
  - .github/instructions/django.instructions.md
  - .github/instructions/python.instructions.md
  deployed_file_hashes:
    .github/instructions/django.instructions.md: sha256:786b141416df971f0a7b919a22e182e77cea0e92e5c0390e2fbd3c841b716767
    .github/instructions/python.instructions.md: sha256:7b482b4927af78e71dc7e94b28597260fdb8b328463e34ced9f1db06a6796b41
  content_hash: sha256:88fd3129213f0edce7527c5b4b4156f73744cd985243178e9a9463e9c758ff80
- repo_url: ministryofjustice/data-platform-ai-toolkit
  host: github.com
  resolved_commit: 4961df8d248135d223b969e7c56cee21fb5d4f3a
  resolved_ref: main
  virtual_path: toolkits/universal
  is_virtual: true
  package_type: apm_package
  deployed_files:
  - .github/instructions/language.instructions.md
  - .github/instructions/ministryofjustice.instructions.md
  deployed_file_hashes:
    .github/instructions/language.instructions.md: sha256:70e9d0f220f2ceec1cf5b8088c9e199259670f9baa383b330ff3ba9e4107e655
    .github/instructions/ministryofjustice.instructions.md: sha256:470dc2fbec601f32b14b73f6665a17dd7e3427c0bcdc5c8197c5e3905d30dfcc
  content_hash: sha256:d375ca1db8fc999bc92d31994eba9aa81611fb48d0750d557e4d27ab1249f68e
mcp_servers:
- github
mcp_configs:
  github:
    name: github
    transport: http
    registry: false
    url: https://api.githubcopilot.com/mcp/
